// !$*UTF8*$!
{
	archiveVersion = 1;
	classes = {
	};
	objectVersion = 56;
	objects = {

/* Begin PBXBuildFile section */
		F04712852A708F9900DC0A68 /* oz2App.swift in Sources */ = {isa = PBXBuildFile; fileRef = F04712842A708F9900DC0A68 /* oz2App.swift */; };
		F04712872A708F9900DC0A68 /* ContentView.swift in Sources */ = {isa = PBXBuildFile; fileRef = F04712862A708F9900DC0A68 /* ContentView.swift */; };
		F04712892A708F9A00DC0A68 /* Assets.xcassets in Resources */ = {isa = PBXBuildFile; fileRef = F04712882A708F9A00DC0A68 /* Assets.xcassets */; };
		F047128D2A708F9A00DC0A68 /* Preview Assets.xcassets in Resources */ = {isa = PBXBuildFile; fileRef = F047128C2A708F9A00DC0A68 /* Preview Assets.xcassets */; };
		F04712942A7441FB00DC0A68 /* DetailAppView.swift in Sources */ = {isa = PBXBuildFile; fileRef = F04712932A7441FB00DC0A68 /* DetailAppView.swift */; };
		F04712962A75D62D00DC0A68 /* ProfileScreen.swift in Sources */ = {isa = PBXBuildFile; fileRef = F04712952A75D62D00DC0A68 /* ProfileScreen.swift */; };
		F047129A2A75D6E900DC0A68 /* InfoView.swift in Sources */ = {isa = PBXBuildFile; fileRef = F04712992A75D6E900DC0A68 /* InfoView.swift */; };
		F047129D2A75D74900DC0A68 /* SocialLinkViews.swift in Sources */ = {isa = PBXBuildFile; fileRef = F047129C2A75D74900DC0A68 /* SocialLinkViews.swift */; };
		F047129F2A75D76B00DC0A68 /* ExpreienceView.swift in Sources */ = {isa = PBXBuildFile; fileRef = F047129E2A75D76B00DC0A68 /* ExpreienceView.swift */; };
		F04712A12A75D77F00DC0A68 /* SkillsView.swift in Sources */ = {isa = PBXBuildFile; fileRef = F04712A02A75D77F00DC0A68 /* SkillsView.swift */; };
		F04712A32A75D7E300DC0A68 /* ScrollableAppView.swift in Sources */ = {isa = PBXBuildFile; fileRef = F04712A22A75D7E300DC0A68 /* ScrollableAppView.swift */; };
		F04712A52A75F9D500DC0A68 /* AppDetailView.swift in Sources */ = {isa = PBXBuildFile; fileRef = F04712A42A75F9D500DC0A68 /* AppDetailView.swift */; };
		F04712A72A79FDFA00DC0A68 /* FlowScreen.swift in Sources */ = {isa = PBXBuildFile; fileRef = F04712A62A79FDF900DC0A68 /* FlowScreen.swift */; };
		F04712A92A7A0CF900DC0A68 /* ExploreView.swift in Sources */ = {isa = PBXBuildFile; fileRef = F04712A82A7A0CF900DC0A68 /* ExploreView.swift */; };
		F0CD40142A7ABCA000420ADE /* NewProfileView.swift in Sources */ = {isa = PBXBuildFile; fileRef = F0CD40132A7ABCA000420ADE /* NewProfileView.swift */; };
		F0CD40162A7AC82100420ADE /* SplashScreen.swift in Sources */ = {isa = PBXBuildFile; fileRef = F0CD40152A7AC82100420ADE /* SplashScreen.swift */; };
		F0CD401A2A7AECC600420ADE /* LoginView.swift in Sources */ = {isa = PBXBuildFile; fileRef = F0CD40192A7AECC600420ADE /* LoginView.swift */; };
		F0CD40202A7AFB9200420ADE /* UserModel.swift in Sources */ = {isa = PBXBuildFile; fileRef = F0CD401F2A7AFB9200420ADE /* UserModel.swift */; };
		F0CD40222A7B1D9B00420ADE /* NewProjectView.swift in Sources */ = {isa = PBXBuildFile; fileRef = F0CD40212A7B1D9B00420ADE /* NewProjectView.swift */; };
		F0CD40242A7B337E00420ADE /* ProjectModel.swift in Sources */ = {isa = PBXBuildFile; fileRef = F0CD40232A7B337E00420ADE /* ProjectModel.swift */; };
		F0CD40262A81E1C000420ADE /* FlowViewModel.swift in Sources */ = {isa = PBXBuildFile; fileRef = F0CD40252A81E1C000420ADE /* FlowViewModel.swift */; };
		F0CD40282A81E25300420ADE /* UserProfileModel.swift in Sources */ = {isa = PBXBuildFile; fileRef = F0CD40272A81E25300420ADE /* UserProfileModel.swift */; };
/* End PBXBuildFile section */

/* Begin PBXFileReference section */
		F04712812A708F9900DC0A68 /* oz2.app */ = {isa = PBXFileReference; explicitFileType = wrapper.application; includeInIndex = 0; path = oz2.app; sourceTree = BUILT_PRODUCTS_DIR; };
		F04712842A708F9900DC0A68 /* oz2App.swift */ = {isa = PBXFileReference; lastKnownFileType = sourcecode.swift; path = oz2App.swift; sourceTree = "<group>"; };
		F04712862A708F9900DC0A68 /* ContentView.swift */ = {isa = PBXFileReference; lastKnownFileType = sourcecode.swift; path = ContentView.swift; sourceTree = "<group>"; };
		F04712882A708F9A00DC0A68 /* Assets.xcassets */ = {isa = PBXFileReference; lastKnownFileType = folder.assetcatalog; path = Assets.xcassets; sourceTree = "<group>"; };
		F047128A2A708F9A00DC0A68 /* oz2.entitlements */ = {isa = PBXFileReference; lastKnownFileType = text.plist.entitlements; path = oz2.entitlements; sourceTree = "<group>"; };
		F047128C2A708F9A00DC0A68 /* Preview Assets.xcassets */ = {isa = PBXFileReference; lastKnownFileType = folder.assetcatalog; path = "Preview Assets.xcassets"; sourceTree = "<group>"; };
		F04712932A7441FB00DC0A68 /* DetailAppView.swift */ = {isa = PBXFileReference; lastKnownFileType = sourcecode.swift; path = DetailAppView.swift; sourceTree = "<group>"; };
		F04712952A75D62D00DC0A68 /* ProfileScreen.swift */ = {isa = PBXFileReference; lastKnownFileType = sourcecode.swift; path = ProfileScreen.swift; sourceTree = "<group>"; };
		F04712992A75D6E900DC0A68 /* InfoView.swift */ = {isa = PBXFileReference; lastKnownFileType = sourcecode.swift; path = InfoView.swift; sourceTree = "<group>"; };
		F047129C2A75D74900DC0A68 /* SocialLinkViews.swift */ = {isa = PBXFileReference; lastKnownFileType = sourcecode.swift; path = SocialLinkViews.swift; sourceTree = "<group>"; };
		F047129E2A75D76B00DC0A68 /* ExpreienceView.swift */ = {isa = PBXFileReference; lastKnownFileType = sourcecode.swift; path = ExpreienceView.swift; sourceTree = "<group>"; };
		F04712A02A75D77F00DC0A68 /* SkillsView.swift */ = {isa = PBXFileReference; lastKnownFileType = sourcecode.swift; path = SkillsView.swift; sourceTree = "<group>"; };
		F04712A22A75D7E300DC0A68 /* ScrollableAppView.swift */ = {isa = PBXFileReference; lastKnownFileType = sourcecode.swift; path = ScrollableAppView.swift; sourceTree = "<group>"; };
		F04712A42A75F9D500DC0A68 /* AppDetailView.swift */ = {isa = PBXFileReference; lastKnownFileType = sourcecode.swift; path = AppDetailView.swift; sourceTree = "<group>"; };
		F04712A62A79FDF900DC0A68 /* FlowScreen.swift */ = {isa = PBXFileReference; lastKnownFileType = sourcecode.swift; path = FlowScreen.swift; sourceTree = "<group>"; };
		F04712A82A7A0CF900DC0A68 /* ExploreView.swift */ = {isa = PBXFileReference; lastKnownFileType = sourcecode.swift; path = ExploreView.swift; sourceTree = "<group>"; };
		F0CD40132A7ABCA000420ADE /* NewProfileView.swift */ = {isa = PBXFileReference; lastKnownFileType = sourcecode.swift; path = NewProfileView.swift; sourceTree = "<group>"; };
		F0CD40152A7AC82100420ADE /* SplashScreen.swift */ = {isa = PBXFileReference; lastKnownFileType = sourcecode.swift; path = SplashScreen.swift; sourceTree = "<group>"; };
		F0CD40192A7AECC600420ADE /* LoginView.swift */ = {isa = PBXFileReference; lastKnownFileType = sourcecode.swift; path = LoginView.swift; sourceTree = "<group>"; };
		F0CD401F2A7AFB9200420ADE /* UserModel.swift */ = {isa = PBXFileReference; lastKnownFileType = sourcecode.swift; path = UserModel.swift; sourceTree = "<group>"; };
		F0CD40212A7B1D9B00420ADE /* NewProjectView.swift */ = {isa = PBXFileReference; lastKnownFileType = sourcecode.swift; path = NewProjectView.swift; sourceTree = "<group>"; };
		F0CD40232A7B337E00420ADE /* ProjectModel.swift */ = {isa = PBXFileReference; lastKnownFileType = sourcecode.swift; path = ProjectModel.swift; sourceTree = "<group>"; };
		F0CD40252A81E1C000420ADE /* FlowViewModel.swift */ = {isa = PBXFileReference; lastKnownFileType = sourcecode.swift; path = FlowViewModel.swift; sourceTree = "<group>"; };
		F0CD40272A81E25300420ADE /* UserProfileModel.swift */ = {isa = PBXFileReference; lastKnownFileType = sourcecode.swift; path = UserProfileModel.swift; sourceTree = "<group>"; };
/* End PBXFileReference section */

/* Begin PBXFrameworksBuildPhase section */
		F047127E2A708F9900DC0A68 /* Frameworks */ = {
			isa = PBXFrameworksBuildPhase;
			buildActionMask = 2147483647;
			files = (
			);
			runOnlyForDeploymentPostprocessing = 0;
		};
/* End PBXFrameworksBuildPhase section */

/* Begin PBXGroup section */
		F04712782A708F9900DC0A68 = {
			isa = PBXGroup;
			children = (
				F04712832A708F9900DC0A68 /* oz2 */,
				F04712822A708F9900DC0A68 /* Products */,
			);
			sourceTree = "<group>";
		};
		F04712822A708F9900DC0A68 /* Products */ = {
			isa = PBXGroup;
			children = (
				F04712812A708F9900DC0A68 /* oz2.app */,
			);
			name = Products;
			sourceTree = "<group>";
		};
		F04712832A708F9900DC0A68 /* oz2 */ = {
			isa = PBXGroup;
			children = (
				F04712842A708F9900DC0A68 /* oz2App.swift */,
				F04712862A708F9900DC0A68 /* ContentView.swift */,
				F04712972A75D6C400DC0A68 /* Screens */,
				F0CD401C2A7AFB3C00420ADE /* Models */,
				F04712932A7441FB00DC0A68 /* DetailAppView.swift */,
				F04712882A708F9A00DC0A68 /* Assets.xcassets */,
				F047128A2A708F9A00DC0A68 /* oz2.entitlements */,
				F047128B2A708F9A00DC0A68 /* Preview Content */,
			);
			path = oz2;
			sourceTree = "<group>";
		};
		F047128B2A708F9A00DC0A68 /* Preview Content */ = {
			isa = PBXGroup;
			children = (
				F047128C2A708F9A00DC0A68 /* Preview Assets.xcassets */,
			);
			path = "Preview Content";
			sourceTree = "<group>";
		};
		F04712972A75D6C400DC0A68 /* Screens */ = {
			isa = PBXGroup;
			children = (
				F0CD401E2A7AFB5700420ADE /* Login */,
				F0CD401D2A7AFB5000420ADE /* Splash */,
				F04712982A75D6D200DC0A68 /* Home */,
				F0CD40292A81E29200420ADE /* OtherScreens */,
			);
			path = Screens;
			sourceTree = "<group>";
		};
		F04712982A75D6D200DC0A68 /* Home */ = {
			isa = PBXGroup;
			children = (
				F0CD40272A81E25300420ADE /* UserProfileModel.swift */,
				F04712A62A79FDF900DC0A68 /* FlowScreen.swift */,
				F0CD40252A81E1C000420ADE /* FlowViewModel.swift */,
			);
			path = Home;
			sourceTree = "<group>";
		};
		F0CD401C2A7AFB3C00420ADE /* Models */ = {
			isa = PBXGroup;
			children = (
				F0CD401F2A7AFB9200420ADE /* UserModel.swift */,
				F0CD40232A7B337E00420ADE /* ProjectModel.swift */,
			);
			path = Models;
			sourceTree = "<group>";
		};
		F0CD401D2A7AFB5000420ADE /* Splash */ = {
			isa = PBXGroup;
			children = (
				F0CD40152A7AC82100420ADE /* SplashScreen.swift */,
			);
			path = Splash;
			sourceTree = "<group>";
		};
		F0CD401E2A7AFB5700420ADE /* Login */ = {
			isa = PBXGroup;
			children = (
				F0CD40192A7AECC600420ADE /* LoginView.swift */,
			);
			path = Login;
			sourceTree = "<group>";
		};
		F0CD40292A81E29200420ADE /* OtherScreens */ = {
			isa = PBXGroup;
			children = (
				F04712952A75D62D00DC0A68 /* ProfileScreen.swift */,
				F0CD40132A7ABCA000420ADE /* NewProfileView.swift */,
				F0CD40212A7B1D9B00420ADE /* NewProjectView.swift */,
				F04712A82A7A0CF900DC0A68 /* ExploreView.swift */,
				F04712A42A75F9D500DC0A68 /* AppDetailView.swift */,
				F04712992A75D6E900DC0A68 /* InfoView.swift */,
				F047129C2A75D74900DC0A68 /* SocialLinkViews.swift */,
				F047129E2A75D76B00DC0A68 /* ExpreienceView.swift */,
				F04712A02A75D77F00DC0A68 /* SkillsView.swift */,
				F04712A22A75D7E300DC0A68 /* ScrollableAppView.swift */,
			);
			path = OtherScreens;
			sourceTree = "<group>";
		};
/* End PBXGroup section */

/* Begin PBXNativeTarget section */
		F04712802A708F9900DC0A68 /* oz2 */ = {
			isa = PBXNativeTarget;
			buildConfigurationList = F04712902A708F9A00DC0A68 /* Build configuration list for PBXNativeTarget "oz2" */;
			buildPhases = (
				F047127D2A708F9900DC0A68 /* Sources */,
				F047127E2A708F9900DC0A68 /* Frameworks */,
				F047127F2A708F9900DC0A68 /* Resources */,
			);
			buildRules = (
			);
			dependencies = (
			);
			name = oz2;
			productName = oz2;
			productReference = F04712812A708F9900DC0A68 /* oz2.app */;
			productType = "com.apple.product-type.application";
		};
/* End PBXNativeTarget section */

/* Begin PBXProject section */
		F04712792A708F9900DC0A68 /* Project object */ = {
			isa = PBXProject;
			attributes = {
				BuildIndependentTargetsInParallel = 1;
				LastSwiftUpdateCheck = 1430;
				LastUpgradeCheck = 1430;
				TargetAttributes = {
					F04712802A708F9900DC0A68 = {
						CreatedOnToolsVersion = 14.3.1;
					};
				};
			};
			buildConfigurationList = F047127C2A708F9900DC0A68 /* Build configuration list for PBXProject "oz2" */;
			compatibilityVersion = "Xcode 14.0";
			developmentRegion = en;
			hasScannedForEncodings = 0;
			knownRegions = (
				en,
				Base,
			);
			mainGroup = F04712782A708F9900DC0A68;
			productRefGroup = F04712822A708F9900DC0A68 /* Products */;
			projectDirPath = "";
			projectRoot = "";
			targets = (
				F04712802A708F9900DC0A68 /* oz2 */,
			);
		};
/* End PBXProject section */

/* Begin PBXResourcesBuildPhase section */
		F047127F2A708F9900DC0A68 /* Resources */ = {
			isa = PBXResourcesBuildPhase;
			buildActionMask = 2147483647;
			files = (
				F047128D2A708F9A00DC0A68 /* Preview Assets.xcassets in Resources */,
				F04712892A708F9A00DC0A68 /* Assets.xcassets in Resources */,
			);
			runOnlyForDeploymentPostprocessing = 0;
		};
/* End PBXResourcesBuildPhase section */

/* Begin PBXSourcesBuildPhase section */
		F047127D2A708F9900DC0A68 /* Sources */ = {
			isa = PBXSourcesBuildPhase;
			buildActionMask = 2147483647;
			files = (
				F04712A12A75D77F00DC0A68 /* SkillsView.swift in Sources */,
				F047129F2A75D76B00DC0A68 /* ExpreienceView.swift in Sources */,
				F0CD40162A7AC82100420ADE /* SplashScreen.swift in Sources */,
				F04712962A75D62D00DC0A68 /* ProfileScreen.swift in Sources */,
				F0CD40222A7B1D9B00420ADE /* NewProjectView.swift in Sources */,
				F04712A32A75D7E300DC0A68 /* ScrollableAppView.swift in Sources */,
				F0CD40262A81E1C000420ADE /* FlowViewModel.swift in Sources */,
				F04712942A7441FB00DC0A68 /* DetailAppView.swift in Sources */,
				F0CD401A2A7AECC600420ADE /* LoginView.swift in Sources */,
				F04712872A708F9900DC0A68 /* ContentView.swift in Sources */,
				F047129D2A75D74900DC0A68 /* SocialLinkViews.swift in Sources */,
				F04712A72A79FDFA00DC0A68 /* FlowScreen.swift in Sources */,
				F0CD40242A7B337E00420ADE /* ProjectModel.swift in Sources */,
				F0CD40202A7AFB9200420ADE /* UserModel.swift in Sources */,
				F0CD40282A81E25300420ADE /* UserProfileModel.swift in Sources */,
				F04712A52A75F9D500DC0A68 /* AppDetailView.swift in Sources */,
				F047129A2A75D6E900DC0A68 /* InfoView.swift in Sources */,
				F0CD40142A7ABCA000420ADE /* NewProfileView.swift in Sources */,
				F04712A92A7A0CF900DC0A68 /* ExploreView.swift in Sources */,
				F04712852A708F9900DC0A68 /* oz2App.swift in Sources */,
			);
			runOnlyForDeploymentPostprocessing = 0;
		};
/* End PBXSourcesBuildPhase section */

/* Begin XCBuildConfiguration section */
		F047128E2A708F9A00DC0A68 /* Debug */ = {
			isa = XCBuildConfiguration;
			buildSettings = {
				ALWAYS_SEARCH_USER_PATHS = NO;
				CLANG_ANALYZER_NONNULL = YES;
				CLANG_ANALYZER_NUMBER_OBJECT_CONVERSION = YES_AGGRESSIVE;
				CLANG_CXX_LANGUAGE_STANDARD = "gnu++20";
				CLANG_ENABLE_MODULES = YES;
				CLANG_ENABLE_OBJC_ARC = YES;
				CLANG_ENABLE_OBJC_WEAK = YES;
				CLANG_WARN_BLOCK_CAPTURE_AUTORELEASING = YES;
				CLANG_WARN_BOOL_CONVERSION = YES;
				CLANG_WARN_COMMA = YES;
				CLANG_WARN_CONSTANT_CONVERSION = YES;
				CLANG_WARN_DEPRECATED_OBJC_IMPLEMENTATIONS = YES;
				CLANG_WARN_DIRECT_OBJC_ISA_USAGE = YES_ERROR;
				CLANG_WARN_DOCUMENTATION_COMMENTS = YES;
				CLANG_WARN_EMPTY_BODY = YES;
				CLANG_WARN_ENUM_CONVERSION = YES;
				CLANG_WARN_INFINITE_RECURSION = YES;
				CLANG_WARN_INT_CONVERSION = YES;
				CLANG_WARN_NON_LITERAL_NULL_CONVERSION = YES;
				CLANG_WARN_OBJC_IMPLICIT_RETAIN_SELF = YES;
				CLANG_WARN_OBJC_LITERAL_CONVERSION = YES;
				CLANG_WARN_OBJC_ROOT_CLASS = YES_ERROR;
				CLANG_WARN_QUOTED_INCLUDE_IN_FRAMEWORK_HEADER = YES;
				CLANG_WARN_RANGE_LOOP_ANALYSIS = YES;
				CLANG_WARN_STRICT_PROTOTYPES = YES;
				CLANG_WARN_SUSPICIOUS_MOVE = YES;
				CLANG_WARN_UNGUARDED_AVAILABILITY = YES_AGGRESSIVE;
				CLANG_WARN_UNREACHABLE_CODE = YES;
				CLANG_WARN__DUPLICATE_METHOD_MATCH = YES;
				COPY_PHASE_STRIP = NO;
				DEBUG_INFORMATION_FORMAT = dwarf;
				ENABLE_STRICT_OBJC_MSGSEND = YES;
				ENABLE_TESTABILITY = YES;
				GCC_C_LANGUAGE_STANDARD = gnu11;
				GCC_DYNAMIC_NO_PIC = NO;
				GCC_NO_COMMON_BLOCKS = YES;
				GCC_OPTIMIZATION_LEVEL = 0;
				GCC_PREPROCESSOR_DEFINITIONS = (
					"DEBUG=1",
					"$(inherited)",
				);
				GCC_WARN_64_TO_32_BIT_CONVERSION = YES;
				GCC_WARN_ABOUT_RETURN_TYPE = YES_ERROR;
				GCC_WARN_UNDECLARED_SELECTOR = YES;
				GCC_WARN_UNINITIALIZED_AUTOS = YES_AGGRESSIVE;
				GCC_WARN_UNUSED_FUNCTION = YES;
				GCC_WARN_UNUSED_VARIABLE = YES;
				MTL_ENABLE_DEBUG_INFO = INCLUDE_SOURCE;
				MTL_FAST_MATH = YES;
				ONLY_ACTIVE_ARCH = YES;
				SWIFT_ACTIVE_COMPILATION_CONDITIONS = DEBUG;
				SWIFT_OPTIMIZATION_LEVEL = "-Onone";
			};
			name = Debug;
		};
		F047128F2A708F9A00DC0A68 /* Release */ = {
			isa = XCBuildConfiguration;
			buildSettings = {
				ALWAYS_SEARCH_USER_PATHS = NO;
				CLANG_ANALYZER_NONNULL = YES;
				CLANG_ANALYZER_NUMBER_OBJECT_CONVERSION = YES_AGGRESSIVE;
				CLANG_CXX_LANGUAGE_STANDARD = "gnu++20";
				CLANG_ENABLE_MODULES = YES;
				CLANG_ENABLE_OBJC_ARC = YES;
				CLANG_ENABLE_OBJC_WEAK = YES;
				CLANG_WARN_BLOCK_CAPTURE_AUTORELEASING = YES;
				CLANG_WARN_BOOL_CONVERSION = YES;
				CLANG_WARN_COMMA = YES;
				CLANG_WARN_CONSTANT_CONVERSION = YES;
				CLANG_WARN_DEPRECATED_OBJC_IMPLEMENTATIONS = YES;
				CLANG_WARN_DIRECT_OBJC_ISA_USAGE = YES_ERROR;
				CLANG_WARN_DOCUMENTATION_COMMENTS = YES;
				CLANG_WARN_EMPTY_BODY = YES;
				CLANG_WARN_ENUM_CONVERSION = YES;
				CLANG_WARN_INFINITE_RECURSION = YES;
				CLANG_WARN_INT_CONVERSION = YES;
				CLANG_WARN_NON_LITERAL_NULL_CONVERSION = YES;
				CLANG_WARN_OBJC_IMPLICIT_RETAIN_SELF = YES;
				CLANG_WARN_OBJC_LITERAL_CONVERSION = YES;
				CLANG_WARN_OBJC_ROOT_CLASS = YES_ERROR;
				CLANG_WARN_QUOTED_INCLUDE_IN_FRAMEWORK_HEADER = YES;
				CLANG_WARN_RANGE_LOOP_ANALYSIS = YES;
				CLANG_WARN_STRICT_PROTOTYPES = YES;
				CLANG_WARN_SUSPICIOUS_MOVE = YES;
				CLANG_WARN_UNGUARDED_AVAILABILITY = YES_AGGRESSIVE;
				CLANG_WARN_UNREACHABLE_CODE = YES;
				CLANG_WARN__DUPLICATE_METHOD_MATCH = YES;
				COPY_PHASE_STRIP = NO;
				DEBUG_INFORMATION_FORMAT = "dwarf-with-dsym";
				ENABLE_NS_ASSERTIONS = NO;
				ENABLE_STRICT_OBJC_MSGSEND = YES;
				GCC_C_LANGUAGE_STANDARD = gnu11;
				GCC_NO_COMMON_BLOCKS = YES;
				GCC_WARN_64_TO_32_BIT_CONVERSION = YES;
				GCC_WARN_ABOUT_RETURN_TYPE = YES_ERROR;
				GCC_WARN_UNDECLARED_SELECTOR = YES;
				GCC_WARN_UNINITIALIZED_AUTOS = YES_AGGRESSIVE;
				GCC_WARN_UNUSED_FUNCTION = YES;
				GCC_WARN_UNUSED_VARIABLE = YES;
				MTL_ENABLE_DEBUG_INFO = NO;
				MTL_FAST_MATH = YES;
				SWIFT_COMPILATION_MODE = wholemodule;
				SWIFT_OPTIMIZATION_LEVEL = "-O";
			};
			name = Release;
		};
		F04712912A708F9A00DC0A68 /* Debug */ = {
			isa = XCBuildConfiguration;
			buildSettings = {
				ASSETCATALOG_COMPILER_APPICON_NAME = AppIcon;
				ASSETCATALOG_COMPILER_GLOBAL_ACCENT_COLOR_NAME = AccentColor;
				CODE_SIGN_ENTITLEMENTS = oz2/oz2.entitlements;
				CODE_SIGN_STYLE = Automatic;
				CURRENT_PROJECT_VERSION = 1;
				DEVELOPMENT_ASSET_PATHS = "\"oz2/Preview Content\"";
				DEVELOPMENT_TEAM = 4J25GM6FG4;
				ENABLE_HARDENED_RUNTIME = YES;
				ENABLE_PREVIEWS = YES;
				GENERATE_INFOPLIST_FILE = YES;
				INFOPLIST_KEY_CFBundleDisplayName = "Portfolio Masters";
				INFOPLIST_KEY_LSApplicationCategoryType = "public.app-category.social-networking";
				"INFOPLIST_KEY_UIApplicationSceneManifest_Generation[sdk=iphoneos*]" = YES;
				"INFOPLIST_KEY_UIApplicationSceneManifest_Generation[sdk=iphonesimulator*]" = YES;
				"INFOPLIST_KEY_UIApplicationSupportsIndirectInputEvents[sdk=iphoneos*]" = YES;
				"INFOPLIST_KEY_UIApplicationSupportsIndirectInputEvents[sdk=iphonesimulator*]" = YES;
				"INFOPLIST_KEY_UILaunchScreen_Generation[sdk=iphoneos*]" = YES;
				"INFOPLIST_KEY_UILaunchScreen_Generation[sdk=iphonesimulator*]" = YES;
				"INFOPLIST_KEY_UIStatusBarStyle[sdk=iphoneos*]" = UIStatusBarStyleDefault;
				"INFOPLIST_KEY_UIStatusBarStyle[sdk=iphonesimulator*]" = UIStatusBarStyleDefault;
				INFOPLIST_KEY_UISupportedInterfaceOrientations = UIInterfaceOrientationPortrait;
				INFOPLIST_KEY_UISupportedInterfaceOrientations_iPad = "UIInterfaceOrientationPortrait UIInterfaceOrientationPortraitUpsideDown";
				IPHONEOS_DEPLOYMENT_TARGET = 15.0;
				LD_RUNPATH_SEARCH_PATHS = "@executable_path/Frameworks";
				"LD_RUNPATH_SEARCH_PATHS[sdk=macosx*]" = "@executable_path/../Frameworks";
				MACOSX_DEPLOYMENT_TARGET = 13.3;
				MARKETING_VERSION = 1.0;
				PRODUCT_BUNDLE_IDENTIFIER = ozgunaksoy.oz2;
				PRODUCT_NAME = "$(TARGET_NAME)";
				SDKROOT = auto;
				SUPPORTED_PLATFORMS = "iphoneos iphonesimulator macosx";
				SWIFT_EMIT_LOC_STRINGS = YES;
				SWIFT_VERSION = 5.0;
				TARGETED_DEVICE_FAMILY = "1,2";
			};
			name = Debug;
		};
		F04712922A708F9A00DC0A68 /* Release */ = {
			isa = XCBuildConfiguration;
			buildSettings = {
				ASSETCATALOG_COMPILER_APPICON_NAME = AppIcon;
				ASSETCATALOG_COMPILER_GLOBAL_ACCENT_COLOR_NAME = AccentColor;
				CODE_SIGN_ENTITLEMENTS = oz2/oz2.entitlements;
				CODE_SIGN_STYLE = Automatic;
				CURRENT_PROJECT_VERSION = 1;
				DEVELOPMENT_ASSET_PATHS = "\"oz2/Preview Content\"";
				DEVELOPMENT_TEAM = 4J25GM6FG4;
				ENABLE_HARDENED_RUNTIME = YES;
				ENABLE_PREVIEWS = YES;
				GENERATE_INFOPLIST_FILE = YES;
				INFOPLIST_KEY_CFBundleDisplayName = "Portfolio Masters";
				INFOPLIST_KEY_LSApplicationCategoryType = "public.app-category.social-networking";
				"INFOPLIST_KEY_UIApplicationSceneManifest_Generation[sdk=iphoneos*]" = YES;
				"INFOPLIST_KEY_UIApplicationSceneManifest_Generation[sdk=iphonesimulator*]" = YES;
				"INFOPLIST_KEY_UIApplicationSupportsIndirectInputEvents[sdk=iphoneos*]" = YES;
				"INFOPLIST_KEY_UIApplicationSupportsIndirectInputEvents[sdk=iphonesimulator*]" = YES;
				"INFOPLIST_KEY_UILaunchScreen_Generation[sdk=iphoneos*]" = YES;
				"INFOPLIST_KEY_UILaunchScreen_Generation[sdk=iphonesimulator*]" = YES;
				"INFOPLIST_KEY_UIStatusBarStyle[sdk=iphoneos*]" = UIStatusBarStyleDefault;
				"INFOPLIST_KEY_UIStatusBarStyle[sdk=iphonesimulator*]" = UIStatusBarStyleDefault;
				INFOPLIST_KEY_UISupportedInterfaceOrientations = UIInterfaceOrientationPortrait;
				INFOPLIST_KEY_UISupportedInterfaceOrientations_iPad = "UIInterfaceOrientationPortrait UIInterfaceOrientationPortraitUpsideDown";
				IPHONEOS_DEPLOYMENT_TARGET = 15.0;
				LD_RUNPATH_SEARCH_PATHS = "@executable_path/Frameworks";
				"LD_RUNPATH_SEARCH_PATHS[sdk=macosx*]" = "@executable_path/../Frameworks";
				MACOSX_DEPLOYMENT_TARGET = 13.3;
				MARKETING_VERSION = 1.0;
				PRODUCT_BUNDLE_IDENTIFIER = ozgunaksoy.oz2;
				PRODUCT_NAME = "$(TARGET_NAME)";
				SDKROOT = auto;
				SUPPORTED_PLATFORMS = "iphoneos iphonesimulator macosx";
				SWIFT_EMIT_LOC_STRINGS = YES;
				SWIFT_VERSION = 5.0;
				TARGETED_DEVICE_FAMILY = "1,2";
			};
			name = Release;
		};
/* End XCBuildConfiguration section */

/* Begin XCConfigurationList section */
		F047127C2A708F9900DC0A68 /* Build configuration list for PBXProject "oz2" */ = {
			isa = XCConfigurationList;
			buildConfigurations = (
				F047128E2A708F9A00DC0A68 /* Debug */,
				F047128F2A708F9A00DC0A68 /* Release */,
			);
			defaultConfigurationIsVisible = 0;
			defaultConfigurationName = Release;
		};
		F04712902A708F9A00DC0A68 /* Build configuration list for PBXNativeTarget "oz2" */ = {
			isa = XCConfigurationList;
			buildConfigurations = (
				F04712912A708F9A00DC0A68 /* Debug */,
				F04712922A708F9A00DC0A68 /* Release */,
			);
			defaultConfigurationIsVisible = 0;
			defaultConfigurationName = Release;
		};
/* End XCConfigurationList section */
	};
	rootObject = F04712792A708F9900DC0A68 /* Project object */;
}
